
Microsoft Visual Studio Solution File, Format Version 12.00
# Visual Studio Version 16
VisualStudioVersion = 16.0.29020.237
MinimumVisualStudioVersion = 10.0.40219.1
Project("{FAE04EC0-301F-11D3-BF4B-00C04F79EFBC}") = "WAVC_chat3", "WAVC_chat3\WAVC_chat3.csproj", "{07719954-1F5F-4F65-8BB7-692585FB886D}"
EndProject
Global
	GlobalSection(SolutionConfigurationPlatforms) = preSolution
		Debug|Any CPU = Debug|Any CPU
		Release|Any CPU = Release|Any CPU
	EndGlobalSection
	GlobalSection(ProjectConfigurationPlatforms) = postSolution
		{07719954-1F5F-4F65-8BB7-692585FB886D}.Debug|Any CPU.ActiveCfg = Debug|Any CPU
		{07719954-1F5F-4F65-8BB7-692585FB886D}.Debug|Any CPU.Build.0 = Debug|Any CPU
		{07719954-1F5F-4F65-8BB7-692585FB886D}.Release|Any CPU.ActiveCfg = Release|Any CPU
		{07719954-1F5F-4F65-8BB7-692585FB886D}.Release|Any CPU.Build.0 = Release|Any CPU
	EndGlobalSection
	GlobalSection(SolutionProperties) = preSolution
		HideSolutionNode = FALSE
	EndGlobalSection
	GlobalSection(ExtensibilityGlobals) = postSolution
		SolutionGuid = {1283A4BC-F9F0-42AE-A82D-B32AD6C20990}
	EndGlobalSection
EndGlobal
